
Microsoft Visual Studio Solution File, Format Version 11.00
# Visual Studio 2010
Project("{FAE04EC0-301F-11D3-BF4B-00C04F79EFBC}") = "why-am-i-a-developer", "why-am-i-a-developer\why-am-i-a-developer.csproj", "{F605D52D-4476-4FFF-9421-01FEC637525A}"
EndProject
Global
	GlobalSection(SolutionConfigurationPlatforms) = preSolution
		Debug|Any CPU = Debug|Any CPU
		Release|Any CPU = Release|Any CPU
	EndGlobalSection
	GlobalSection(ProjectConfigurationPlatforms) = postSolution
		{F605D52D-4476-4FFF-9421-01FEC637525A}.Debug|Any CPU.ActiveCfg = Debug|Any CPU
		{F605D52D-4476-4FFF-9421-01FEC637525A}.Debug|Any CPU.Build.0 = Debug|Any CPU
		{F605D52D-4476-4FFF-9421-01FEC637525A}.Release|Any CPU.ActiveCfg = Release|Any CPU
		{F605D52D-4476-4FFF-9421-01FEC637525A}.Release|Any CPU.Build.0 = Release|Any CPU
	EndGlobalSection
	GlobalSection(SolutionProperties) = preSolution
		HideSolutionNode = FALSE
	EndGlobalSection
EndGlobal
